// !$*UTF8*$!
{
	archiveVersion = 1;
	classes = {
	};
	objectVersion = 56;
	objects = {

/* Begin PBXBuildFile section */
		45866F682A13BB6500DF7706 /* PartnerDemoApp.swift in Sources */ = {isa = PBXBuildFile; fileRef = 45866F672A13BB6500DF7706 /* PartnerDemoApp.swift */; };
		45866F6A2A13BB6500DF7706 /* ContentView.swift in Sources */ = {isa = PBXBuildFile; fileRef = 45866F692A13BB6500DF7706 /* ContentView.swift */; };
		45866F6C2A13BB6600DF7706 /* Assets.xcassets in Resources */ = {isa = PBXBuildFile; fileRef = 45866F6B2A13BB6600DF7706 /* Assets.xcassets */; };
		45866F6F2A13BB6600DF7706 /* Preview Assets.xcassets in Resources */ = {isa = PBXBuildFile; fileRef = 45866F6E2A13BB6600DF7706 /* Preview Assets.xcassets */; };
		45866F772A13BDC500DF7706 /* Assessment.swift in Sources */ = {isa = PBXBuildFile; fileRef = 45866F762A13BDC500DF7706 /* Assessment.swift */; };
		45866F792A13C4C600DF7706 /* ActivityType.swift in Sources */ = {isa = PBXBuildFile; fileRef = 45866F782A13C4C600DF7706 /* ActivityType.swift */; };
		45866F7B2A13C59900DF7706 /* TrainingSessiom.swift in Sources */ = {isa = PBXBuildFile; fileRef = 45866F7A2A13C59900DF7706 /* TrainingSessiom.swift */; };
		45866F7D2A13C5A900DF7706 /* TrainingTask.swift in Sources */ = {isa = PBXBuildFile; fileRef = 45866F7C2A13C5A900DF7706 /* TrainingTask.swift */; };
		45866F7F2A14C72700DF7706 /* Configuration.swift in Sources */ = {isa = PBXBuildFile; fileRef = 45866F7E2A14C72600DF7706 /* Configuration.swift */; };
		45866F822A14E58B00DF7706 /* CogniFitAPI.swift in Sources */ = {isa = PBXBuildFile; fileRef = 45866F812A14E58B00DF7706 /* CogniFitAPI.swift */; };
		45EE60B22A5FE4A9003BF1D1 /* ModalWebView.swift in Sources */ = {isa = PBXBuildFile; fileRef = 45EE60B12A5FE4A9003BF1D1 /* ModalWebView.swift */; };
		45EE60B72A6028DB003BF1D1 /* ScriptMessageHandler.swift in Sources */ = {isa = PBXBuildFile; fileRef = 45EE60B62A6028DB003BF1D1 /* ScriptMessageHandler.swift */; };
		45EE60BC2A6039E4003BF1D1 /* WebApp in Resources */ = {isa = PBXBuildFile; fileRef = 45EE60BB2A6039E4003BF1D1 /* WebApp */; };
/* End PBXBuildFile section */

/* Begin PBXFileReference section */
		45866F642A13BB6500DF7706 /* PartnerDemo.app */ = {isa = PBXFileReference; explicitFileType = wrapper.application; includeInIndex = 0; path = PartnerDemo.app; sourceTree = BUILT_PRODUCTS_DIR; };
		45866F672A13BB6500DF7706 /* PartnerDemoApp.swift */ = {isa = PBXFileReference; lastKnownFileType = sourcecode.swift; path = PartnerDemoApp.swift; sourceTree = "<group>"; };
		45866F692A13BB6500DF7706 /* ContentView.swift */ = {isa = PBXFileReference; lastKnownFileType = sourcecode.swift; path = ContentView.swift; sourceTree = "<group>"; };
		45866F6B2A13BB6600DF7706 /* Assets.xcassets */ = {isa = PBXFileReference; lastKnownFileType = folder.assetcatalog; path = Assets.xcassets; sourceTree = "<group>"; };
		45866F6E2A13BB6600DF7706 /* Preview Assets.xcassets */ = {isa = PBXFileReference; lastKnownFileType = folder.assetcatalog; path = "Preview Assets.xcassets"; sourceTree = "<group>"; };
		45866F762A13BDC500DF7706 /* Assessment.swift */ = {isa = PBXFileReference; lastKnownFileType = sourcecode.swift; path = Assessment.swift; sourceTree = "<group>"; };
		45866F782A13C4C600DF7706 /* ActivityType.swift */ = {isa = PBXFileReference; lastKnownFileType = sourcecode.swift; path = ActivityType.swift; sourceTree = "<group>"; };
		45866F7A2A13C59900DF7706 /* TrainingSessiom.swift */ = {isa = PBXFileReference; lastKnownFileType = sourcecode.swift; path = TrainingSessiom.swift; sourceTree = "<group>"; };
		45866F7C2A13C5A900DF7706 /* TrainingTask.swift */ = {isa = PBXFileReference; lastKnownFileType = sourcecode.swift; path = TrainingTask.swift; sourceTree = "<group>"; };
		45866F7E2A14C72600DF7706 /* Configuration.swift */ = {isa = PBXFileReference; lastKnownFileType = sourcecode.swift; path = Configuration.swift; sourceTree = "<group>"; };
		45866F802A14CD8E00DF7706 /* Info.plist */ = {isa = PBXFileReference; lastKnownFileType = text.plist; path = Info.plist; sourceTree = "<group>"; };
		45866F812A14E58B00DF7706 /* CogniFitAPI.swift */ = {isa = PBXFileReference; lastKnownFileType = sourcecode.swift; path = CogniFitAPI.swift; sourceTree = "<group>"; };
		45C0CAD92A37269F00D02EDF /* README.md */ = {isa = PBXFileReference; lastKnownFileType = net.daringfireball.markdown; path = README.md; sourceTree = SOURCE_ROOT; };
		45C0CADA2A3726AF00D02EDF /* README.md */ = {isa = PBXFileReference; fileEncoding = 4; lastKnownFileType = net.daringfireball.markdown; path = README.md; sourceTree = "<group>"; };
		45EE60B12A5FE4A9003BF1D1 /* ModalWebView.swift */ = {isa = PBXFileReference; lastKnownFileType = sourcecode.swift; path = ModalWebView.swift; sourceTree = "<group>"; };
		45EE60B62A6028DB003BF1D1 /* ScriptMessageHandler.swift */ = {isa = PBXFileReference; lastKnownFileType = sourcecode.swift; path = ScriptMessageHandler.swift; sourceTree = "<group>"; };
		45EE60BB2A6039E4003BF1D1 /* WebApp */ = {isa = PBXFileReference; lastKnownFileType = folder; path = WebApp; sourceTree = "<group>"; };
/* End PBXFileReference section */

/* Begin PBXFrameworksBuildPhase section */
		45866F612A13BB6500DF7706 /* Frameworks */ = {
			isa = PBXFrameworksBuildPhase;
			buildActionMask = 2147483647;
			files = (
			);
			runOnlyForDeploymentPostprocessing = 0;
		};
/* End PBXFrameworksBuildPhase section */

/* Begin PBXGroup section */
		45866F5B2A13BB6500DF7706 = {
			isa = PBXGroup;
			children = (
				45C0CADA2A3726AF00D02EDF /* README.md */,
				45866F662A13BB6500DF7706 /* PartnerDemo */,
				45866F652A13BB6500DF7706 /* Products */,
			);
			sourceTree = "<group>";
		};
		45866F652A13BB6500DF7706 /* Products */ = {
			isa = PBXGroup;
			children = (
				45866F642A13BB6500DF7706 /* PartnerDemo.app */,
			);
			name = Products;
			sourceTree = "<group>";
		};
		45866F662A13BB6500DF7706 /* PartnerDemo */ = {
			isa = PBXGroup;
			children = (
				45866F802A14CD8E00DF7706 /* Info.plist */,
				45866F752A13BDAB00DF7706 /* Model */,
				45EE60BF2A604546003BF1D1 /* Web View Auxiliary */,
				45EE60BB2A6039E4003BF1D1 /* WebApp */,
				45866F672A13BB6500DF7706 /* PartnerDemoApp.swift */,
				45866F692A13BB6500DF7706 /* ContentView.swift */,
				45EE60B12A5FE4A9003BF1D1 /* ModalWebView.swift */,
				45866F812A14E58B00DF7706 /* CogniFitAPI.swift */,
				45866F6B2A13BB6600DF7706 /* Assets.xcassets */,
				45866F6D2A13BB6600DF7706 /* Preview Content */,
			);
			path = PartnerDemo;
			sourceTree = "<group>";
		};
		45866F6D2A13BB6600DF7706 /* Preview Content */ = {
			isa = PBXGroup;
			children = (
				45C0CAD92A37269F00D02EDF /* README.md */,
				45866F6E2A13BB6600DF7706 /* Preview Assets.xcassets */,
			);
			path = "Preview Content";
			sourceTree = "<group>";
		};
		45866F752A13BDAB00DF7706 /* Model */ = {
			isa = PBXGroup;
			children = (
				45866F782A13C4C600DF7706 /* ActivityType.swift */,
				45866F762A13BDC500DF7706 /* Assessment.swift */,
				45866F7A2A13C59900DF7706 /* TrainingSessiom.swift */,
				45866F7C2A13C5A900DF7706 /* TrainingTask.swift */,
				45866F7E2A14C72600DF7706 /* Configuration.swift */,
			);
			path = Model;
			sourceTree = "<group>";
		};
		45EE60BF2A604546003BF1D1 /* Web View Auxiliary */ = {
			isa = PBXGroup;
			children = (
				45EE60B62A6028DB003BF1D1 /* ScriptMessageHandler.swift */,
			);
			path = "Web View Auxiliary";
			sourceTree = "<group>";
		};
/* End PBXGroup section */

/* Begin PBXNativeTarget section */
		45866F632A13BB6500DF7706 /* PartnerDemo */ = {
			isa = PBXNativeTarget;
			buildConfigurationList = 45866F722A13BB6600DF7706 /* Build configuration list for PBXNativeTarget "PartnerDemo" */;
			buildPhases = (
				45866F602A13BB6500DF7706 /* Sources */,
				45866F612A13BB6500DF7706 /* Frameworks */,
				45866F622A13BB6500DF7706 /* Resources */,
				45926A132A2604FB005FF2B0 /* ShellScript */,
			);
			buildRules = (
			);
			dependencies = (
			);
			name = PartnerDemo;
			productName = PartnerDemo;
			productReference = 45866F642A13BB6500DF7706 /* PartnerDemo.app */;
			productType = "com.apple.product-type.application";
		};
/* End PBXNativeTarget section */

/* Begin PBXProject section */
		45866F5C2A13BB6500DF7706 /* Project object */ = {
			isa = PBXProject;
			attributes = {
				BuildIndependentTargetsInParallel = 1;
				LastSwiftUpdateCheck = 1430;
				LastUpgradeCheck = 1430;
				TargetAttributes = {
					45866F632A13BB6500DF7706 = {
						CreatedOnToolsVersion = 14.3;
					};
				};
			};
			buildConfigurationList = 45866F5F2A13BB6500DF7706 /* Build configuration list for PBXProject "PartnerDemo" */;
			compatibilityVersion = "Xcode 14.0";
			developmentRegion = en;
			hasScannedForEncodings = 0;
			knownRegions = (
				en,
				Base,
			);
			mainGroup = 45866F5B2A13BB6500DF7706;
			productRefGroup = 45866F652A13BB6500DF7706 /* Products */;
			projectDirPath = "";
			projectRoot = "";
			targets = (
				45866F632A13BB6500DF7706 /* PartnerDemo */,
			);
		};
/* End PBXProject section */

/* Begin PBXResourcesBuildPhase section */
		45866F622A13BB6500DF7706 /* Resources */ = {
			isa = PBXResourcesBuildPhase;
			buildActionMask = 2147483647;
			files = (
				45866F6F2A13BB6600DF7706 /* Preview Assets.xcassets in Resources */,
				45EE60BC2A6039E4003BF1D1 /* WebApp in Resources */,
				45866F6C2A13BB6600DF7706 /* Assets.xcassets in Resources */,
			);
			runOnlyForDeploymentPostprocessing = 0;
		};
/* End PBXResourcesBuildPhase section */

/* Begin PBXShellScriptBuildPhase section */
		45926A132A2604FB005FF2B0 /* ShellScript */ = {
			isa = PBXShellScriptBuildPhase;
			buildActionMask = 2147483647;
			files = (
			);
			inputFileListPaths = (
			);
			inputPaths = (
				"$(SRCROOT)/Info.plist",
			);
			outputFileListPaths = (
			);
			outputPaths = (
			);
			runOnlyForDeploymentPostprocessing = 0;
			shellPath = /bin/sh;
			shellScript = "# Merge public and private Info.plist files, this allows us to commit the project without credentials\nif [ -f \"${SRCROOT}/${PROJECT_NAME}/PrivateInfo.plist\" ]; then\n    /usr/libexec/PlistBuddy -x -c \"Merge ${SRCROOT}/${PROJECT_NAME}/PrivateInfo.plist\" \"${CODESIGNING_FOLDER_PATH}/Info.plist\"\nfi\n";
			showEnvVarsInLog = 0;
		};
/* End PBXShellScriptBuildPhase section */

/* Begin PBXSourcesBuildPhase section */
		45866F602A13BB6500DF7706 /* Sources */ = {
			isa = PBXSourcesBuildPhase;
			buildActionMask = 2147483647;
			files = (
				45EE60B22A5FE4A9003BF1D1 /* ModalWebView.swift in Sources */,
				45866F792A13C4C600DF7706 /* ActivityType.swift in Sources */,
				45866F822A14E58B00DF7706 /* CogniFitAPI.swift in Sources */,
				45866F772A13BDC500DF7706 /* Assessment.swift in Sources */,
				45866F7F2A14C72700DF7706 /* Configuration.swift in Sources */,
				45EE60B72A6028DB003BF1D1 /* ScriptMessageHandler.swift in Sources */,
				45866F7D2A13C5A900DF7706 /* TrainingTask.swift in Sources */,
				45866F7B2A13C59900DF7706 /* TrainingSessiom.swift in Sources */,
				45866F6A2A13BB6500DF7706 /* ContentView.swift in Sources */,
				45866F682A13BB6500DF7706 /* PartnerDemoApp.swift in Sources */,
			);
			runOnlyForDeploymentPostprocessing = 0;
		};
/* End PBXSourcesBuildPhase section */

/* Begin XCBuildConfiguration section */
		45866F702A13BB6600DF7706 /* Debug */ = {
			isa = XCBuildConfiguration;
			buildSettings = {
				ALWAYS_SEARCH_USER_PATHS = NO;
				CLANG_ANALYZER_NONNULL = YES;
				CLANG_ANALYZER_NUMBER_OBJECT_CONVERSION = YES_AGGRESSIVE;
				CLANG_CXX_LANGUAGE_STANDARD = "gnu++20";
				CLANG_ENABLE_MODULES = YES;
				CLANG_ENABLE_OBJC_ARC = YES;
				CLANG_ENABLE_OBJC_WEAK = YES;
				CLANG_WARN_BLOCK_CAPTURE_AUTORELEASING = YES;
				CLANG_WARN_BOOL_CONVERSION = YES;
				CLANG_WARN_COMMA = YES;
				CLANG_WARN_CONSTANT_CONVERSION = YES;
				CLANG_WARN_DEPRECATED_OBJC_IMPLEMENTATIONS = YES;
				CLANG_WARN_DIRECT_OBJC_ISA_USAGE = YES_ERROR;
				CLANG_WARN_DOCUMENTATION_COMMENTS = YES;
				CLANG_WARN_EMPTY_BODY = YES;
				CLANG_WARN_ENUM_CONVERSION = YES;
				CLANG_WARN_INFINITE_RECURSION = YES;
				CLANG_WARN_INT_CONVERSION = YES;
				CLANG_WARN_NON_LITERAL_NULL_CONVERSION = YES;
				CLANG_WARN_OBJC_IMPLICIT_RETAIN_SELF = YES;
				CLANG_WARN_OBJC_LITERAL_CONVERSION = YES;
				CLANG_WARN_OBJC_ROOT_CLASS = YES_ERROR;
				CLANG_WARN_QUOTED_INCLUDE_IN_FRAMEWORK_HEADER = YES;
				CLANG_WARN_RANGE_LOOP_ANALYSIS = YES;
				CLANG_WARN_STRICT_PROTOTYPES = YES;
				CLANG_WARN_SUSPICIOUS_MOVE = YES;
				CLANG_WARN_UNGUARDED_AVAILABILITY = YES_AGGRESSIVE;
				CLANG_WARN_UNREACHABLE_CODE = YES;
				CLANG_WARN__DUPLICATE_METHOD_MATCH = YES;
				COPY_PHASE_STRIP = NO;
				DEBUG_INFORMATION_FORMAT = dwarf;
				ENABLE_STRICT_OBJC_MSGSEND = YES;
				ENABLE_TESTABILITY = YES;
				GCC_C_LANGUAGE_STANDARD = gnu11;
				GCC_DYNAMIC_NO_PIC = NO;
				GCC_NO_COMMON_BLOCKS = YES;
				GCC_OPTIMIZATION_LEVEL = 0;
				GCC_PREPROCESSOR_DEFINITIONS = (
					"DEBUG=1",
					"$(inherited)",
				);
				GCC_WARN_64_TO_32_BIT_CONVERSION = YES;
				GCC_WARN_ABOUT_RETURN_TYPE = YES_ERROR;
				GCC_WARN_UNDECLARED_SELECTOR = YES;
				GCC_WARN_UNINITIALIZED_AUTOS = YES_AGGRESSIVE;
				GCC_WARN_UNUSED_FUNCTION = YES;
				GCC_WARN_UNUSED_VARIABLE = YES;
				IPHONEOS_DEPLOYMENT_TARGET = 16.4;
				MTL_ENABLE_DEBUG_INFO = INCLUDE_SOURCE;
				MTL_FAST_MATH = YES;
				ONLY_ACTIVE_ARCH = YES;
				SDKROOT = iphoneos;
				SWIFT_ACTIVE_COMPILATION_CONDITIONS = DEBUG;
				SWIFT_OPTIMIZATION_LEVEL = "-Onone";
			};
			name = Debug;
		};
		45866F712A13BB6600DF7706 /* Release */ = {
			isa = XCBuildConfiguration;
			buildSettings = {
				ALWAYS_SEARCH_USER_PATHS = NO;
				CLANG_ANALYZER_NONNULL = YES;
				CLANG_ANALYZER_NUMBER_OBJECT_CONVERSION = YES_AGGRESSIVE;
				CLANG_CXX_LANGUAGE_STANDARD = "gnu++20";
				CLANG_ENABLE_MODULES = YES;
				CLANG_ENABLE_OBJC_ARC = YES;
				CLANG_ENABLE_OBJC_WEAK = YES;
				CLANG_WARN_BLOCK_CAPTURE_AUTORELEASING = YES;
				CLANG_WARN_BOOL_CONVERSION = YES;
				CLANG_WARN_COMMA = YES;
				CLANG_WARN_CONSTANT_CONVERSION = YES;
				CLANG_WARN_DEPRECATED_OBJC_IMPLEMENTATIONS = YES;
				CLANG_WARN_DIRECT_OBJC_ISA_USAGE = YES_ERROR;
				CLANG_WARN_DOCUMENTATION_COMMENTS = YES;
				CLANG_WARN_EMPTY_BODY = YES;
				CLANG_WARN_ENUM_CONVERSION = YES;
				CLANG_WARN_INFINITE_RECURSION = YES;
				CLANG_WARN_INT_CONVERSION = YES;
				CLANG_WARN_NON_LITERAL_NULL_CONVERSION = YES;
				CLANG_WARN_OBJC_IMPLICIT_RETAIN_SELF = YES;
				CLANG_WARN_OBJC_LITERAL_CONVERSION = YES;
				CLANG_WARN_OBJC_ROOT_CLASS = YES_ERROR;
				CLANG_WARN_QUOTED_INCLUDE_IN_FRAMEWORK_HEADER = YES;
				CLANG_WARN_RANGE_LOOP_ANALYSIS = YES;
				CLANG_WARN_STRICT_PROTOTYPES = YES;
				CLANG_WARN_SUSPICIOUS_MOVE = YES;
				CLANG_WARN_UNGUARDED_AVAILABILITY = YES_AGGRESSIVE;
				CLANG_WARN_UNREACHABLE_CODE = YES;
				CLANG_WARN__DUPLICATE_METHOD_MATCH = YES;
				COPY_PHASE_STRIP = NO;
				DEBUG_INFORMATION_FORMAT = "dwarf-with-dsym";
				ENABLE_NS_ASSERTIONS = NO;
				ENABLE_STRICT_OBJC_MSGSEND = YES;
				GCC_C_LANGUAGE_STANDARD = gnu11;
				GCC_NO_COMMON_BLOCKS = YES;
				GCC_WARN_64_TO_32_BIT_CONVERSION = YES;
				GCC_WARN_ABOUT_RETURN_TYPE = YES_ERROR;
				GCC_WARN_UNDECLARED_SELECTOR = YES;
				GCC_WARN_UNINITIALIZED_AUTOS = YES_AGGRESSIVE;
				GCC_WARN_UNUSED_FUNCTION = YES;
				GCC_WARN_UNUSED_VARIABLE = YES;
				IPHONEOS_DEPLOYMENT_TARGET = 16.4;
				MTL_ENABLE_DEBUG_INFO = NO;
				MTL_FAST_MATH = YES;
				SDKROOT = iphoneos;
				SWIFT_COMPILATION_MODE = wholemodule;
				SWIFT_OPTIMIZATION_LEVEL = "-O";
				VALIDATE_PRODUCT = YES;
			};
			name = Release;
		};
		45866F732A13BB6600DF7706 /* Debug */ = {
			isa = XCBuildConfiguration;
			buildSettings = {
				ASSETCATALOG_COMPILER_APPICON_NAME = AppIcon;
				ASSETCATALOG_COMPILER_GLOBAL_ACCENT_COLOR_NAME = AccentColor;
				CODE_SIGN_STYLE = Automatic;
				CURRENT_PROJECT_VERSION = 1;
				DEVELOPMENT_ASSET_PATHS = "\"PartnerDemo/Preview Content\"";
				DEVELOPMENT_TEAM = BH3HJDYNQK;
				ENABLE_PREVIEWS = YES;
				GENERATE_INFOPLIST_FILE = YES;
				INFOPLIST_FILE = PartnerDemo/Info.plist;
				INFOPLIST_KEY_UIApplicationSceneManifest_Generation = YES;
				INFOPLIST_KEY_UIApplicationSupportsIndirectInputEvents = YES;
				INFOPLIST_KEY_UILaunchScreen_Generation = YES;
				INFOPLIST_KEY_UISupportedInterfaceOrientations = UIInterfaceOrientationPortrait;
				INFOPLIST_KEY_UISupportedInterfaceOrientations_iPad = "UIInterfaceOrientationLandscapeLeft UIInterfaceOrientationLandscapeRight";
				LD_RUNPATH_SEARCH_PATHS = (
					"$(inherited)",
					"@executable_path/Frameworks",
				);
				MARKETING_VERSION = 1.0;
				PRODUCT_BUNDLE_IDENTIFIER = com.cognifit.app.playground;
				PRODUCT_NAME = "$(TARGET_NAME)";
				SWIFT_EMIT_LOC_STRINGS = YES;
				SWIFT_VERSION = 5.0;
				TARGETED_DEVICE_FAMILY = "1,2";
			};
			name = Debug;
		};
		45866F742A13BB6600DF7706 /* Release */ = {
			isa = XCBuildConfiguration;
			buildSettings = {
				ASSETCATALOG_COMPILER_APPICON_NAME = AppIcon;
				ASSETCATALOG_COMPILER_GLOBAL_ACCENT_COLOR_NAME = AccentColor;
				CODE_SIGN_STYLE = Automatic;
				CURRENT_PROJECT_VERSION = 1;
				DEVELOPMENT_ASSET_PATHS = "\"PartnerDemo/Preview Content\"";
				DEVELOPMENT_TEAM = BH3HJDYNQK;
				ENABLE_PREVIEWS = YES;
				GENERATE_INFOPLIST_FILE = YES;
				INFOPLIST_FILE = PartnerDemo/Info.plist;
				INFOPLIST_KEY_UIApplicationSceneManifest_Generation = YES;
				INFOPLIST_KEY_UIApplicationSupportsIndirectInputEvents = YES;
				INFOPLIST_KEY_UILaunchScreen_Generation = YES;
				INFOPLIST_KEY_UISupportedInterfaceOrientations = UIInterfaceOrientationPortrait;
				INFOPLIST_KEY_UISupportedInterfaceOrientations_iPad = "UIInterfaceOrientationLandscapeLeft UIInterfaceOrientationLandscapeRight";
				LD_RUNPATH_SEARCH_PATHS = (
					"$(inherited)",
					"@executable_path/Frameworks",
				);
				MARKETING_VERSION = 1.0;
				PRODUCT_BUNDLE_IDENTIFIER = com.cognifit.app.playground;
				PRODUCT_NAME = "$(TARGET_NAME)";
				SWIFT_EMIT_LOC_STRINGS = YES;
				SWIFT_VERSION = 5.0;
				TARGETED_DEVICE_FAMILY = "1,2";
			};
			name = Release;
		};
/* End XCBuildConfiguration section */

/* Begin XCConfigurationList section */
		45866F5F2A13BB6500DF7706 /* Build configuration list for PBXProject "PartnerDemo" */ = {
			isa = XCConfigurationList;
			buildConfigurations = (
				45866F702A13BB6600DF7706 /* Debug */,
				45866F712A13BB6600DF7706 /* Release */,
			);
			defaultConfigurationIsVisible = 0;
			defaultConfigurationName = Release;
		};
		45866F722A13BB6600DF7706 /* Build configuration list for PBXNativeTarget "PartnerDemo" */ = {
			isa = XCConfigurationList;
			buildConfigurations = (
				45866F732A13BB6600DF7706 /* Debug */,
				45866F742A13BB6600DF7706 /* Release */,
			);
			defaultConfigurationIsVisible = 0;
			defaultConfigurationName = Release;
		};
/* End XCConfigurationList section */
	};
	rootObject = 45866F5C2A13BB6500DF7706 /* Project object */;
}
